{
    "_readme": [
        "This file locks the dependencies of your project to a known state",
        "Read more about it at https://getcomposer.org/doc/01-basic-usage.md#installing-dependencies",
        "This file is @generated automatically"
    ],
    "content-hash": "34d0ca363e8ec5212c9623fc84b06517",
    "packages": [
        {
            "name": "lightpack/framework",
            "version": "v0.2.1-alpha",
            "source": {
                "type": "git",
                "url": "https://github.com/lightpack/framework.git",
                "reference": "0f5615b76b16bbdbb9b9523240cf3185ca7009ef"
            },
            "dist": {
                "type": "zip",
                "url": "https://api.github.com/repos/lightpack/framework/zipball/0f5615b76b16bbdbb9b9523240cf3185ca7009ef",
                "reference": "0f5615b76b16bbdbb9b9523240cf3185ca7009ef",
                "shasum": ""
            },
            "require": {
                "php": "^7.1"
            },
            "require-dev": {
                "phpunit/phpunit": "^8.5"
            },
            "type": "project",
            "autoload": {
                "psr-4": {
                    "Lightpack\\": "src/Framework"
                },
                "files": [
                    "src/Framework/utilities.php"
                ],
                "exclude-from-classmap": [
                    "src/Tests/"
                ]
            },
            "notification-url": "https://packagist.org/downloads/",
            "license": [
                "MIT"
            ],
            "authors": [
                {
                    "name": "Pradeep Tiwari",
                    "email": "pt21388@gmail.com"
                }
            ],
            "description": "LightPack - PHP MVC Framework",
            "keywords": [
                "database",
                "framework",
                "full stack",
                "lightweight",
                "mvc",
                "orm",
                "php",
                "small"
            ],
            "support": {
                "issues": "https://github.com/lightpack/framework/issues",
                "source": "https://github.com/lightpack/framework/tree/v0.2.1-alpha"
            },
            "time": "2021-02-22T19:30:59+00:00"
        }
    ],
    "packages-dev": [],
    "aliases": [],
    "minimum-stability": "dev",
    "stability-flags": [],
    "prefer-stable": false,
    "prefer-lowest": false,
    "platform": {
        "php": "^7.1"
    },
    "platform-dev": [],
    "plugin-api-version": "2.0.0"
}
